
Microsoft Visual Studio Solution File, Format Version 12.00
# Visual Studio Version 16
VisualStudioVersion = 16.0.30611.23
MinimumVisualStudioVersion = 10.0.40219.1
Project("{FAE04EC0-301F-11D3-BF4B-00C04F79EFBC}") = "BasicConsoleApp", "BasicConsoleApp\BasicConsoleApp.csproj", "{3A231537-D828-4CD0-A96D-9E99EB00AD1F}"
EndProject
Global
	GlobalSection(SolutionConfigurationPlatforms) = preSolution
		Debug|Any CPU = Debug|Any CPU
		Release|Any CPU = Release|Any CPU
	EndGlobalSection
	GlobalSection(ProjectConfigurationPlatforms) = postSolution
		{3A231537-D828-4CD0-A96D-9E99EB00AD1F}.Debug|Any CPU.ActiveCfg = Debug|Any CPU
		{3A231537-D828-4CD0-A96D-9E99EB00AD1F}.Debug|Any CPU.Build.0 = Debug|Any CPU
		{3A231537-D828-4CD0-A96D-9E99EB00AD1F}.Release|Any CPU.ActiveCfg = Release|Any CPU
		{3A231537-D828-4CD0-A96D-9E99EB00AD1F}.Release|Any CPU.Build.0 = Release|Any CPU
	EndGlobalSection
	GlobalSection(SolutionProperties) = preSolution
		HideSolutionNode = FALSE
	EndGlobalSection
	GlobalSection(ExtensibilityGlobals) = postSolution
		SolutionGuid = {0F4C664A-8EBA-42F1-A8EC-8D840004314E}
	EndGlobalSection
EndGlobal
